
Microsoft Visual Studio Solution File, Format Version 12.00
# Visual Studio 15
VisualStudioVersion = 15.0.33026.149
MinimumVisualStudioVersion = 10.0.40219.1
Project("{FAE04EC0-301F-11D3-BF4B-00C04F79EFBC}") = "Sifh.ReportGenerator", "Sifh.ReportGenerator\Sifh.ReportGenerator.csproj", "{11619C29-9F2E-4573-B51B-9A89B31D65C5}"
EndProject
Project("{FAE04EC0-301F-11D3-BF4B-00C04F79EFBC}") = "SIFH_ERP_ClassLib", "..\ODOO-RPC-Interface\SIFH_ERP_ClassLib\SIFH_ERP_ClassLib.csproj", "{7AB2F8BB-63E3-4166-B246-10C789B94C5F}"
EndProject
Global
	GlobalSection(SolutionConfigurationPlatforms) = preSolution
		Debug|Any CPU = Debug|Any CPU
		Release|Any CPU = Release|Any CPU
	EndGlobalSection
	GlobalSection(ProjectConfigurationPlatforms) = postSolution
		{11619C29-9F2E-4573-B51B-9A89B31D65C5}.Debug|Any CPU.ActiveCfg = Debug|Any CPU
		{11619C29-9F2E-4573-B51B-9A89B31D65C5}.Debug|Any CPU.Build.0 = Debug|Any CPU
		{11619C29-9F2E-4573-B51B-9A89B31D65C5}.Release|Any CPU.ActiveCfg = Release|Any CPU
		{11619C29-9F2E-4573-B51B-9A89B31D65C5}.Release|Any CPU.Build.0 = Release|Any CPU
		{7AB2F8BB-63E3-4166-B246-10C789B94C5F}.Debug|Any CPU.ActiveCfg = Debug|Any CPU
		{7AB2F8BB-63E3-4166-B246-10C789B94C5F}.Debug|Any CPU.Build.0 = Debug|Any CPU
		{7AB2F8BB-63E3-4166-B246-10C789B94C5F}.Release|Any CPU.ActiveCfg = Release|Any CPU
		{7AB2F8BB-63E3-4166-B246-10C789B94C5F}.Release|Any CPU.Build.0 = Release|Any CPU
	EndGlobalSection
	GlobalSection(SolutionProperties) = preSolution
		HideSolutionNode = FALSE
	EndGlobalSection
	GlobalSection(ExtensibilityGlobals) = postSolution
		SolutionGuid = {3795B0D3-C27B-400B-823B-2071ACB2B165}
	EndGlobalSection
EndGlobal
