
Microsoft Visual Studio Solution File, Format Version 12.00
# Visual Studio Version 17
VisualStudioVersion = 17.13.35825.156 d17.13
MinimumVisualStudioVersion = 10.0.40219.1
Project("{FAE04EC0-301F-11D3-BF4B-00C04F79EFBC}") = "SIFH_ERP_ClassLib", "SIFH_ERP_ClassLib\SIFH_ERP_ClassLib.csproj", "{7AB2F8BB-63E3-4166-B246-10C789B94C5F}"
EndProject
Project("{FAE04EC0-301F-11D3-BF4B-00C04F79EFBC}") = "SIFH_OutputClass", "SIFH_OutputClass\SIFH_OutputClass.csproj", "{58A30CFA-0331-4F0D-99E5-AA46AE007F8F}"
EndProject
Global
	GlobalSection(SolutionConfigurationPlatforms) = preSolution
		Debug|Any CPU = Debug|Any CPU
		Release|Any CPU = Release|Any CPU
	EndGlobalSection
	GlobalSection(ProjectConfigurationPlatforms) = postSolution
		{7AB2F8BB-63E3-4166-B246-10C789B94C5F}.Debug|Any CPU.ActiveCfg = Debug|Any CPU
		{7AB2F8BB-63E3-4166-B246-10C789B94C5F}.Debug|Any CPU.Build.0 = Debug|Any CPU
		{7AB2F8BB-63E3-4166-B246-10C789B94C5F}.Release|Any CPU.ActiveCfg = Release|Any CPU
		{7AB2F8BB-63E3-4166-B246-10C789B94C5F}.Release|Any CPU.Build.0 = Release|Any CPU
		{58A30CFA-0331-4F0D-99E5-AA46AE007F8F}.Debug|Any CPU.ActiveCfg = Debug|Any CPU
		{58A30CFA-0331-4F0D-99E5-AA46AE007F8F}.Debug|Any CPU.Build.0 = Debug|Any CPU
		{58A30CFA-0331-4F0D-99E5-AA46AE007F8F}.Release|Any CPU.ActiveCfg = Release|Any CPU
		{58A30CFA-0331-4F0D-99E5-AA46AE007F8F}.Release|Any CPU.Build.0 = Release|Any CPU
	EndGlobalSection
	GlobalSection(SolutionProperties) = preSolution
		HideSolutionNode = FALSE
	EndGlobalSection
	GlobalSection(ExtensibilityGlobals) = postSolution
		SolutionGuid = {90F93F19-E887-461C-95E6-57C0C43B45E7}
	EndGlobalSection
EndGlobal
